{
  "comment": "Pins the tdlib binaries the platform wheels bundle. Bump it as a reviewed PR: copy the release tag and every sha256 and wheel_platform out of that release's BUILD-INFO.json, so the lock always describes the bytes that were actually built.",
  "repository": "alexander-akhmetov/tdlib-compiled",
  "release_tag": "v1.8.66",
  "tdlib_version": "1.8.66",
  "targets": {
    "linux-x86_64": {
      "asset": "libtdjson-linux-x86_64.so",
      "bundled_name": "libtdjson.so",
      "wheel_platform": "manylinux_2_28_x86_64",
      "sha256": "7f5a03fc0c568804b144e145e56ffbde323699ab47a295237b374abc8ef81924"
    },
    "linux-aarch64": {
      "asset": "libtdjson-linux-aarch64.so",
      "bundled_name": "libtdjson.so",
      "wheel_platform": "manylinux_2_28_aarch64",
      "sha256": "773d9fa892580a121c013eedbf18b8999e325bf075656e5825109550375deb83"
    },
    "macos-arm64": {
      "asset": "libtdjson-macos-arm64.dylib",
      "bundled_name": "libtdjson.dylib",
      "wheel_platform": "macosx_11_0_arm64",
      "sha256": "93a6d078a9e1abb221558f4a39a37bc338b16756721b691f3e95c3ca2da74572"
    },
    "macos-x86_64": {
      "asset": "libtdjson-macos-x86_64.dylib",
      "bundled_name": "libtdjson.dylib",
      "wheel_platform": "macosx_10_15_x86_64",
      "sha256": "97206cb2793f620a4b49a5fbfc9f211d6e1eb7fa4cbb57983a28f5ccb898b835"
    }
  }
}
